
Microsoft Visual Studio Solution File, Format Version 12.00
# Visual Studio 2013
VisualStudioVersion = 12.0.30501.0
MinimumVisualStudioVersion = 10.0.40219.1
Project("{FAE04EC0-301F-11D3-BF4B-00C04F79EFBC}") = "Library.CUI", "Library.CUI\Library.CUI.csproj", "{A27432AF-2CA3-4B15-96B0-3F3753850EC4}"
EndProject
Global
	GlobalSection(SolutionConfigurationPlatforms) = preSolution
		Debug|Any CPU = Debug|Any CPU
		Release|Any CPU = Release|Any CPU
	EndGlobalSection
	GlobalSection(ProjectConfigurationPlatforms) = postSolution
		{A27432AF-2CA3-4B15-96B0-3F3753850EC4}.Debug|Any CPU.ActiveCfg = Debug|Any CPU
		{A27432AF-2CA3-4B15-96B0-3F3753850EC4}.Debug|Any CPU.Build.0 = Debug|Any CPU
		{A27432AF-2CA3-4B15-96B0-3F3753850EC4}.Release|Any CPU.ActiveCfg = Release|Any CPU
		{A27432AF-2CA3-4B15-96B0-3F3753850EC4}.Release|Any CPU.Build.0 = Release|Any CPU
	EndGlobalSection
	GlobalSection(SolutionProperties) = preSolution
		HideSolutionNode = FALSE
	EndGlobalSection
EndGlobal
